
Microsoft Visual Studio Solution File, Format Version 12.00
# Visual Studio 2012
Project("{FAE04EC0-301F-11D3-BF4B-00C04F79EFBC}") = "ch1_the_basics", "ch1_the_basics\ch1_the_basics.csproj", "{D6602908-DDFD-411A-B0A0-1D83AEDA1DF2}"
EndProject
Project("{FAE04EC0-301F-11D3-BF4B-00C04F79EFBC}") = "ch1_the_basics_advanced", "ch1_the_basics_advanced\ch1_the_basics_advanced.csproj", "{F299269B-D259-4DB5-9A05-CF38CC4D0DDA}"
EndProject
Project("{FAE04EC0-301F-11D3-BF4B-00C04F79EFBC}") = "ch2_xss_fuzzer", "ch2_xss_fuzzer\ch2_xss_fuzzer.csproj", "{9A045861-7025-471F-B2A3-8BB4C4EC9143}"
EndProject
Project("{FAE04EC0-301F-11D3-BF4B-00C04F79EFBC}") = "ch2_sqli_fuzzer", "ch2_sqli_fuzzer\ch2_sqli_fuzzer.csproj", "{B03B1A80-DE2E-495E-9979-883E25B61722}"
EndProject
Project("{FAE04EC0-301F-11D3-BF4B-00C04F79EFBC}") = "ch3_automating_sqlmap", "ch3_automating_sqlmap\ch3_automating_sqlmap.csproj", "{89D88B34-72D4-4267-8FCD-95E8E666DA3C}"
EndProject
Project("{FAE04EC0-301F-11D3-BF4B-00C04F79EFBC}") = "ch4_soap_fuzzer", "ch4_soap_fuzzer\ch4_soap_fuzzer.csproj", "{5522B720-A3FC-4543-B6C6-4BE017727417}"
EndProject
Project("{FAE04EC0-301F-11D3-BF4B-00C04F79EFBC}") = "ch5_bind", "ch5_connect_back_binds\ch5_bind.csproj", "{5E53D836-4908-4A7F-ADBC-61C0F20CEA8E}"
EndProject
Project("{FAE04EC0-301F-11D3-BF4B-00C04F79EFBC}") = "ch6_automating_nessus", "ch6_automating_nessus\ch6_automating_nessus.csproj", "{169BD6BB-826B-4B7E-BD52-FFA17683675E}"
EndProject
Project("{FAE04EC0-301F-11D3-BF4B-00C04F79EFBC}") = "ch7_automating_nexpose", "ch7_automating_nexpose\ch7_automating_nexpose.csproj", "{AC57BD4B-9C28-41C6-A625-C134D3E6850F}"
EndProject
Project("{FAE04EC0-301F-11D3-BF4B-00C04F79EFBC}") = "ch8_automating_openvas", "ch8_automating_openvas\ch8_automating_openvas.csproj", "{0C13895D-2B5B-4AF3-BF56-9A3B8D4B5D1B}"
EndProject
Project("{FAE04EC0-301F-11D3-BF4B-00C04F79EFBC}") = "ch9_automating_cuckoo", "ch9_automating_cuckoo\ch9_automating_cuckoo.csproj", "{7C6213E4-06AE-4E9B-AB7D-843CD024BF67}"
EndProject
Project("{FAE04EC0-301F-11D3-BF4B-00C04F79EFBC}") = "ch11_dirty_decompiler", "ch10_dirty_decompiler\ch11_dirty_decompiler.csproj", "{6A2658B6-036B-4D29-8057-ADFBBA98F933}"
EndProject
Project("{FAE04EC0-301F-11D3-BF4B-00C04F79EFBC}") = "ch2_vuln_xss_sqli_app", "ch2_vuln_xss_sqli_app\ch2_vuln_xss_sqli_app.csproj", "{58280C41-AC1E-42E5-9DB6-24D1B6341FB4}"
EndProject
Project("{FAE04EC0-301F-11D3-BF4B-00C04F79EFBC}") = "ch4_vuln_soap_app", "ch4_vuln_soap_app\ch4_vuln_soap_app.csproj", "{5F4B9D7F-3BC0-4EA0-8DA7-A277A3A04757}"
EndProject
Project("{FAE04EC0-301F-11D3-BF4B-00C04F79EFBC}") = "ch13_reading_offline_hives", "ch11_reading_offline_hives\ch13_reading_offline_hives.csproj", "{26A8091A-68C1-4636-931C-CB4538338572}"
EndProject
Project("{FAE04EC0-301F-11D3-BF4B-00C04F79EFBC}") = "ch12_crossplatform_metasploit_payloads", "ch12_crossplatform_metasploit_payloads\ch12_crossplatform_metasploit_payloads.csproj", "{FB3CBBBB-EA67-4AF2-B344-62497952E7A2}"
EndProject
Project("{FAE04EC0-301F-11D3-BF4B-00C04F79EFBC}") = "ch10_automating_sqlmap", "ch10_automating_sqlmap\ch10_automating_sqlmap.csproj", "{8C935697-B3ED-4C91-88B2-48A525D055E4}"
EndProject
Project("{FAE04EC0-301F-11D3-BF4B-00C04F79EFBC}") = "ch5_connect_back", "ch5_connect_back\ch5_connect_back.csproj", "{E8EAF06C-458C-4702-9832-C32C329B1621}"
EndProject
Project("{FAE04EC0-301F-11D3-BF4B-00C04F79EFBC}") = "ch14_automating_clamav", "ch14_automating_clamav\ch14_automating_clamav.csproj", "{0DFD4250-3A0F-460B-9B6A-7BB158864B75}"
EndProject
Global
	GlobalSection(SolutionConfigurationPlatforms) = preSolution
		Debug|x86 = Debug|x86
		Release|x86 = Release|x86
	EndGlobalSection
	GlobalSection(ProjectConfigurationPlatforms) = postSolution
		{0C13895D-2B5B-4AF3-BF56-9A3B8D4B5D1B}.Debug|x86.ActiveCfg = Debug|x86
		{0C13895D-2B5B-4AF3-BF56-9A3B8D4B5D1B}.Debug|x86.Build.0 = Debug|x86
		{0C13895D-2B5B-4AF3-BF56-9A3B8D4B5D1B}.Release|x86.ActiveCfg = Release|x86
		{0C13895D-2B5B-4AF3-BF56-9A3B8D4B5D1B}.Release|x86.Build.0 = Release|x86
		{0DFD4250-3A0F-460B-9B6A-7BB158864B75}.Debug|x86.ActiveCfg = Debug|x86
		{0DFD4250-3A0F-460B-9B6A-7BB158864B75}.Debug|x86.Build.0 = Debug|x86
		{0DFD4250-3A0F-460B-9B6A-7BB158864B75}.Release|x86.ActiveCfg = Release|x86
		{0DFD4250-3A0F-460B-9B6A-7BB158864B75}.Release|x86.Build.0 = Release|x86
		{169BD6BB-826B-4B7E-BD52-FFA17683675E}.Debug|x86.ActiveCfg = Debug|x86
		{169BD6BB-826B-4B7E-BD52-FFA17683675E}.Debug|x86.Build.0 = Debug|x86
		{169BD6BB-826B-4B7E-BD52-FFA17683675E}.Release|x86.ActiveCfg = Release|x86
		{169BD6BB-826B-4B7E-BD52-FFA17683675E}.Release|x86.Build.0 = Release|x86
		{26A8091A-68C1-4636-931C-CB4538338572}.Debug|x86.ActiveCfg = Debug|x86
		{26A8091A-68C1-4636-931C-CB4538338572}.Debug|x86.Build.0 = Debug|x86
		{26A8091A-68C1-4636-931C-CB4538338572}.Release|x86.ActiveCfg = Release|x86
		{26A8091A-68C1-4636-931C-CB4538338572}.Release|x86.Build.0 = Release|x86
		{5522B720-A3FC-4543-B6C6-4BE017727417}.Debug|x86.ActiveCfg = Debug|x86
		{5522B720-A3FC-4543-B6C6-4BE017727417}.Debug|x86.Build.0 = Debug|x86
		{5522B720-A3FC-4543-B6C6-4BE017727417}.Release|x86.ActiveCfg = Release|x86
		{5522B720-A3FC-4543-B6C6-4BE017727417}.Release|x86.Build.0 = Release|x86
		{58280C41-AC1E-42E5-9DB6-24D1B6341FB4}.Debug|x86.ActiveCfg = Debug|x86
		{58280C41-AC1E-42E5-9DB6-24D1B6341FB4}.Debug|x86.Build.0 = Debug|x86
		{58280C41-AC1E-42E5-9DB6-24D1B6341FB4}.Release|x86.ActiveCfg = Release|x86
		{58280C41-AC1E-42E5-9DB6-24D1B6341FB4}.Release|x86.Build.0 = Release|x86
		{5E53D836-4908-4A7F-ADBC-61C0F20CEA8E}.Debug|x86.ActiveCfg = Debug|x86
		{5E53D836-4908-4A7F-ADBC-61C0F20CEA8E}.Debug|x86.Build.0 = Debug|x86
		{5E53D836-4908-4A7F-ADBC-61C0F20CEA8E}.Release|x86.ActiveCfg = Release|x86
		{5E53D836-4908-4A7F-ADBC-61C0F20CEA8E}.Release|x86.Build.0 = Release|x86
		{5F4B9D7F-3BC0-4EA0-8DA7-A277A3A04757}.Debug|x86.ActiveCfg = Debug|x86
		{5F4B9D7F-3BC0-4EA0-8DA7-A277A3A04757}.Debug|x86.Build.0 = Debug|x86
		{5F4B9D7F-3BC0-4EA0-8DA7-A277A3A04757}.Release|x86.ActiveCfg = Release|x86
		{5F4B9D7F-3BC0-4EA0-8DA7-A277A3A04757}.Release|x86.Build.0 = Release|x86
		{6A2658B6-036B-4D29-8057-ADFBBA98F933}.Debug|x86.ActiveCfg = Debug|x86
		{6A2658B6-036B-4D29-8057-ADFBBA98F933}.Debug|x86.Build.0 = Debug|x86
		{6A2658B6-036B-4D29-8057-ADFBBA98F933}.Release|x86.ActiveCfg = Release|x86
		{6A2658B6-036B-4D29-8057-ADFBBA98F933}.Release|x86.Build.0 = Release|x86
		{7C6213E4-06AE-4E9B-AB7D-843CD024BF67}.Debug|x86.ActiveCfg = Debug|x86
		{7C6213E4-06AE-4E9B-AB7D-843CD024BF67}.Debug|x86.Build.0 = Debug|x86
		{7C6213E4-06AE-4E9B-AB7D-843CD024BF67}.Release|x86.ActiveCfg = Release|x86
		{7C6213E4-06AE-4E9B-AB7D-843CD024BF67}.Release|x86.Build.0 = Release|x86
		{89D88B34-72D4-4267-8FCD-95E8E666DA3C}.Debug|x86.ActiveCfg = Debug|x86
		{89D88B34-72D4-4267-8FCD-95E8E666DA3C}.Debug|x86.Build.0 = Debug|x86
		{89D88B34-72D4-4267-8FCD-95E8E666DA3C}.Release|x86.ActiveCfg = Release|x86
		{89D88B34-72D4-4267-8FCD-95E8E666DA3C}.Release|x86.Build.0 = Release|x86
		{8C935697-B3ED-4C91-88B2-48A525D055E4}.Debug|x86.ActiveCfg = Debug|x86
		{8C935697-B3ED-4C91-88B2-48A525D055E4}.Debug|x86.Build.0 = Debug|x86
		{8C935697-B3ED-4C91-88B2-48A525D055E4}.Release|x86.ActiveCfg = Release|x86
		{8C935697-B3ED-4C91-88B2-48A525D055E4}.Release|x86.Build.0 = Release|x86
		{9A045861-7025-471F-B2A3-8BB4C4EC9143}.Debug|x86.ActiveCfg = Debug|x86
		{9A045861-7025-471F-B2A3-8BB4C4EC9143}.Debug|x86.Build.0 = Debug|x86
		{9A045861-7025-471F-B2A3-8BB4C4EC9143}.Release|x86.ActiveCfg = Release|x86
		{9A045861-7025-471F-B2A3-8BB4C4EC9143}.Release|x86.Build.0 = Release|x86
		{AC57BD4B-9C28-41C6-A625-C134D3E6850F}.Debug|x86.ActiveCfg = Debug|x86
		{AC57BD4B-9C28-41C6-A625-C134D3E6850F}.Debug|x86.Build.0 = Debug|x86
		{AC57BD4B-9C28-41C6-A625-C134D3E6850F}.Release|x86.ActiveCfg = Release|x86
		{AC57BD4B-9C28-41C6-A625-C134D3E6850F}.Release|x86.Build.0 = Release|x86
		{B03B1A80-DE2E-495E-9979-883E25B61722}.Debug|x86.ActiveCfg = Debug|x86
		{B03B1A80-DE2E-495E-9979-883E25B61722}.Debug|x86.Build.0 = Debug|x86
		{B03B1A80-DE2E-495E-9979-883E25B61722}.Release|x86.ActiveCfg = Release|x86
		{B03B1A80-DE2E-495E-9979-883E25B61722}.Release|x86.Build.0 = Release|x86
		{D6602908-DDFD-411A-B0A0-1D83AEDA1DF2}.Debug|x86.ActiveCfg = Debug|x86
		{D6602908-DDFD-411A-B0A0-1D83AEDA1DF2}.Debug|x86.Build.0 = Debug|x86
		{D6602908-DDFD-411A-B0A0-1D83AEDA1DF2}.Release|x86.ActiveCfg = Release|x86
		{D6602908-DDFD-411A-B0A0-1D83AEDA1DF2}.Release|x86.Build.0 = Release|x86
		{E8EAF06C-458C-4702-9832-C32C329B1621}.Debug|x86.ActiveCfg = Debug|x86
		{E8EAF06C-458C-4702-9832-C32C329B1621}.Debug|x86.Build.0 = Debug|x86
		{E8EAF06C-458C-4702-9832-C32C329B1621}.Release|x86.ActiveCfg = Release|x86
		{E8EAF06C-458C-4702-9832-C32C329B1621}.Release|x86.Build.0 = Release|x86
		{F299269B-D259-4DB5-9A05-CF38CC4D0DDA}.Debug|x86.ActiveCfg = Debug|x86
		{F299269B-D259-4DB5-9A05-CF38CC4D0DDA}.Debug|x86.Build.0 = Debug|x86
		{F299269B-D259-4DB5-9A05-CF38CC4D0DDA}.Release|x86.ActiveCfg = Release|x86
		{F299269B-D259-4DB5-9A05-CF38CC4D0DDA}.Release|x86.Build.0 = Release|x86
		{FB3CBBBB-EA67-4AF2-B344-62497952E7A2}.Debug|x86.ActiveCfg = Debug|x86
		{FB3CBBBB-EA67-4AF2-B344-62497952E7A2}.Debug|x86.Build.0 = Debug|x86
		{FB3CBBBB-EA67-4AF2-B344-62497952E7A2}.Release|x86.ActiveCfg = Release|x86
		{FB3CBBBB-EA67-4AF2-B344-62497952E7A2}.Release|x86.Build.0 = Release|x86
	EndGlobalSection
	GlobalSection(MonoDevelopProperties) = preSolution
		StartupItem = ch1_the_basics_advanced\ch1_the_basics_advanced.csproj
	EndGlobalSection
EndGlobal
