
Microsoft Visual Studio Solution File, Format Version 12.00
# Visual Studio 2012
Project("{FAE04EC0-301F-11D3-BF4B-00C04F79EFBC}") = "ch1_the_basics", "ch1_the_basics\ch1_the_basics.csproj", "{D6602908-DDFD-411A-B0A0-1D83AEDA1DF2}"
EndProject
Project("{FAE04EC0-301F-11D3-BF4B-00C04F79EFBC}") = "ch1_the_basics_advanced", "ch1_the_basics_advanced\ch1_the_basics_advanced.csproj", "{F299269B-D259-4DB5-9A05-CF38CC4D0DDA}"
EndProject
Project("{FAE04EC0-301F-11D3-BF4B-00C04F79EFBC}") = "ch2_sqli_post_fuzzer", "ch2_sqli_fuzzer\ch2_sqli_post_fuzzer.csproj", "{B03B1A80-DE2E-495E-9979-883E25B61722}"
EndProject
Project("{FAE04EC0-301F-11D3-BF4B-00C04F79EFBC}") = "ch3_soap_fuzzer", "ch3_soap_fuzzer\ch3_soap_fuzzer.csproj", "{5522B720-A3FC-4543-B6C6-4BE017727417}"
EndProject
Project("{FAE04EC0-301F-11D3-BF4B-00C04F79EFBC}") = "ch4_bind_tcp", "ch4_connect_back_binds\ch4_bind_tcp.csproj", "{5E53D836-4908-4A7F-ADBC-61C0F20CEA8E}"
EndProject
Project("{FAE04EC0-301F-11D3-BF4B-00C04F79EFBC}") = "ch5_automating_nessus", "ch5_automating_nessus\ch5_automating_nessus.csproj", "{169BD6BB-826B-4B7E-BD52-FFA17683675E}"
EndProject
Project("{FAE04EC0-301F-11D3-BF4B-00C04F79EFBC}") = "ch7_automating_openvas", "ch7_automating_openvas\ch7_automating_openvas.csproj", "{0C13895D-2B5B-4AF3-BF56-9A3B8D4B5D1B}"
EndProject
Project("{FAE04EC0-301F-11D3-BF4B-00C04F79EFBC}") = "ch8_automating_cuckoo", "ch8_automating_cuckoo\ch8_automating_cuckoo.csproj", "{7C6213E4-06AE-4E9B-AB7D-843CD024BF67}"
EndProject
Project("{FAE04EC0-301F-11D3-BF4B-00C04F79EFBC}") = "ch10_dirty_decompiler", "ch10_dirty_decompiler\ch10_dirty_decompiler.csproj", "{6A2658B6-036B-4D29-8057-ADFBBA98F933}"
EndProject
Project("{FAE04EC0-301F-11D3-BF4B-00C04F79EFBC}") = "ch11_reading_offline_hives", "ch11_reading_offline_hives\ch11_reading_offline_hives.csproj", "{26A8091A-68C1-4636-931C-CB4538338572}"
EndProject
Project("{FAE04EC0-301F-11D3-BF4B-00C04F79EFBC}") = "ch4_crossplatform_metasploit_payloads", "ch4_crossplatform_metasploit_payloads\ch4_crossplatform_metasploit_payloads.csproj", "{FB3CBBBB-EA67-4AF2-B344-62497952E7A2}"
EndProject
Project("{FAE04EC0-301F-11D3-BF4B-00C04F79EFBC}") = "ch4_connect_back_tcp", "ch4_connect_back\ch4_connect_back_tcp.csproj", "{E8EAF06C-458C-4702-9832-C32C329B1621}"
EndProject
Project("{FAE04EC0-301F-11D3-BF4B-00C04F79EFBC}") = "ch12_automating_clamav_filesystem", "ch12_automating_clamav\ch12_automating_clamav_filesystem.csproj", "{0DFD4250-3A0F-460B-9B6A-7BB158864B75}"
EndProject
Project("{FAE04EC0-301F-11D3-BF4B-00C04F79EFBC}") = "ch9_automating_sqlmap", "ch9_automating_sqlmap\ch9_automating_sqlmap.csproj", "{B7C4434F-9DFB-46A7-BC84-80835C6EF53B}"
EndProject
Project("{FAE04EC0-301F-11D3-BF4B-00C04F79EFBC}") = "ch1_the_basics_advanced_pinvoke", "ch1_the_basics_advanced_pinvoke\ch1_the_basics_advanced_pinvoke.csproj", "{F841BCE9-C695-4EC5-836F-AE14171605DC}"
EndProject
Project("{FAE04EC0-301F-11D3-BF4B-00C04F79EFBC}") = "ch9_automating_sqlmap_soap", "ch9_automating_sqlmap_soap\ch9_automating_sqlmap_soap.csproj", "{A54886E3-D225-4D6C-84E8-7E6BBC4C593E}"
EndProject
Project("{FAE04EC0-301F-11D3-BF4B-00C04F79EFBC}") = "ch2_sqli_union", "ch2_sqli_union\ch2_sqli_union.csproj", "{B5C2A36F-983D-43A2-9C5D-ACBCC7E3B9DB}"
EndProject
Project("{FAE04EC0-301F-11D3-BF4B-00C04F79EFBC}") = "ch2_sqli_blind", "ch2_sqli_blind\ch2_sqli_blind.csproj", "{141240CA-6A60-428A-A442-ED579CCC0138}"
EndProject
Project("{FAE04EC0-301F-11D3-BF4B-00C04F79EFBC}") = "ch2_sqli_get_fuzzer", "ch2_sqli_get_fuzzer\ch2_sqli_get_fuzzer.csproj", "{33AD7E3A-BE86-423C-87B2-4727A3D04BA3}"
EndProject
Project("{FAE04EC0-301F-11D3-BF4B-00C04F79EFBC}") = "ch2_sqli_json_fuzzer", "ch2_sqli_json_fuzzer\ch2_sqli_json_fuzzer.csproj", "{C502EE07-4059-4785-8AA3-542C26163A62}"
EndProject
Project("{FAE04EC0-301F-11D3-BF4B-00C04F79EFBC}") = "ch4_udp_client", "ch4_bind_udp\ch4_udp_client.csproj", "{F6A90F3C-7144-4710-B60B-5508C1FDD93A}"
EndProject
Project("{FAE04EC0-301F-11D3-BF4B-00C04F79EFBC}") = "ch4_udp_server", "ch4_udp_server\ch4_udp_server.csproj", "{68074B20-EAB0-4146-A1B3-FE0BF88B498A}"
EndProject
Project("{FAE04EC0-301F-11D3-BF4B-00C04F79EFBC}") = "ch12_automating_clamav_clamd", "ch12_automating_clamav_clamd\ch12_automating_clamav_clamd.csproj", "{CEDB50B7-7587-4F74-9A43-308FD607D8E1}"
EndProject
Project("{FAE04EC0-301F-11D3-BF4B-00C04F79EFBC}") = "ch6_automating_nexpose", "ch6_automating_nexpose\ch6_automating_nexpose.csproj", "{430D3EB9-A13B-4951-82FE-347A29D88008}"
EndProject
Project("{FAE04EC0-301F-11D3-BF4B-00C04F79EFBC}") = "ch3_vulnerable_soap_endpoint", "ch3_vulnerable_soap_endpoint\ch3_vulnerable_soap_endpoint.csproj", "{EEB08819-DAE4-4638-B095-13511EF7EE08}"
EndProject
Project("{FAE04EC0-301F-11D3-BF4B-00C04F79EFBC}") = "ch2_vulnerable_json_endpoint", "ch2_vulnerable_json_endpoint\ch2_vulnerable_json_endpoint.csproj", "{C2DFFCB8-1ACD-4F55-9B42-7182031B9508}"
EndProject
Project("{FAE04EC0-301F-11D3-BF4B-00C04F79EFBC}") = "ch13_automating_metasploit", "ch13_automating_metasploit\ch13_automating_metasploit.csproj", "{F1E0A90B-9F05-4D1F-AA4C-FA6DA7E7A57F}"
EndProject
Project("{FAE04EC0-301F-11D3-BF4B-00C04F79EFBC}") = "ch14_automating_arachni", "ch14_automating_arachni\ch14_automating_arachni.csproj", "{C4AF9B5C-A4F1-44A1-8036-466154D9BE8B}"
EndProject
Project("{FAE04EC0-301F-11D3-BF4B-00C04F79EFBC}") = "MsgPack", "..\msgpack-cli\src\MsgPack\MsgPack.csproj", "{5BCEC32E-990E-4DE5-945F-BD27326A7418}"
EndProject
Global
	GlobalSection(SolutionConfigurationPlatforms) = preSolution
		Debug|x86 = Debug|x86
		Release|x86 = Release|x86
		PerformanceTest|Any CPU = PerformanceTest|Any CPU
		Instrument|Any CPU = Instrument|Any CPU
		CodeAnalysis|Any CPU = CodeAnalysis|Any CPU
		CoreProfile|Any CPU = CoreProfile|Any CPU
	EndGlobalSection
	GlobalSection(ProjectConfigurationPlatforms) = postSolution
		{0C13895D-2B5B-4AF3-BF56-9A3B8D4B5D1B}.CodeAnalysis|Any CPU.ActiveCfg = Debug|x86
		{0C13895D-2B5B-4AF3-BF56-9A3B8D4B5D1B}.CodeAnalysis|Any CPU.Build.0 = Debug|x86
		{0C13895D-2B5B-4AF3-BF56-9A3B8D4B5D1B}.CoreProfile|Any CPU.ActiveCfg = Debug|x86
		{0C13895D-2B5B-4AF3-BF56-9A3B8D4B5D1B}.CoreProfile|Any CPU.Build.0 = Debug|x86
		{0C13895D-2B5B-4AF3-BF56-9A3B8D4B5D1B}.Debug|x86.ActiveCfg = Debug|x86
		{0C13895D-2B5B-4AF3-BF56-9A3B8D4B5D1B}.Debug|x86.Build.0 = Debug|x86
		{0C13895D-2B5B-4AF3-BF56-9A3B8D4B5D1B}.Instrument|Any CPU.ActiveCfg = Debug|x86
		{0C13895D-2B5B-4AF3-BF56-9A3B8D4B5D1B}.Instrument|Any CPU.Build.0 = Debug|x86
		{0C13895D-2B5B-4AF3-BF56-9A3B8D4B5D1B}.PerformanceTest|Any CPU.ActiveCfg = Debug|x86
		{0C13895D-2B5B-4AF3-BF56-9A3B8D4B5D1B}.PerformanceTest|Any CPU.Build.0 = Debug|x86
		{0C13895D-2B5B-4AF3-BF56-9A3B8D4B5D1B}.Release|x86.ActiveCfg = Release|x86
		{0C13895D-2B5B-4AF3-BF56-9A3B8D4B5D1B}.Release|x86.Build.0 = Release|x86
		{0DFD4250-3A0F-460B-9B6A-7BB158864B75}.CodeAnalysis|Any CPU.ActiveCfg = Debug|x86
		{0DFD4250-3A0F-460B-9B6A-7BB158864B75}.CodeAnalysis|Any CPU.Build.0 = Debug|x86
		{0DFD4250-3A0F-460B-9B6A-7BB158864B75}.CoreProfile|Any CPU.ActiveCfg = Debug|x86
		{0DFD4250-3A0F-460B-9B6A-7BB158864B75}.CoreProfile|Any CPU.Build.0 = Debug|x86
		{0DFD4250-3A0F-460B-9B6A-7BB158864B75}.Debug|x86.ActiveCfg = Debug|x86
		{0DFD4250-3A0F-460B-9B6A-7BB158864B75}.Debug|x86.Build.0 = Debug|x86
		{0DFD4250-3A0F-460B-9B6A-7BB158864B75}.Instrument|Any CPU.ActiveCfg = Debug|x86
		{0DFD4250-3A0F-460B-9B6A-7BB158864B75}.Instrument|Any CPU.Build.0 = Debug|x86
		{0DFD4250-3A0F-460B-9B6A-7BB158864B75}.PerformanceTest|Any CPU.ActiveCfg = Debug|x86
		{0DFD4250-3A0F-460B-9B6A-7BB158864B75}.PerformanceTest|Any CPU.Build.0 = Debug|x86
		{0DFD4250-3A0F-460B-9B6A-7BB158864B75}.Release|x86.ActiveCfg = Release|x86
		{0DFD4250-3A0F-460B-9B6A-7BB158864B75}.Release|x86.Build.0 = Release|x86
		{141240CA-6A60-428A-A442-ED579CCC0138}.CodeAnalysis|Any CPU.ActiveCfg = Debug|x86
		{141240CA-6A60-428A-A442-ED579CCC0138}.CodeAnalysis|Any CPU.Build.0 = Debug|x86
		{141240CA-6A60-428A-A442-ED579CCC0138}.CoreProfile|Any CPU.ActiveCfg = Debug|x86
		{141240CA-6A60-428A-A442-ED579CCC0138}.CoreProfile|Any CPU.Build.0 = Debug|x86
		{141240CA-6A60-428A-A442-ED579CCC0138}.Debug|x86.ActiveCfg = Debug|x86
		{141240CA-6A60-428A-A442-ED579CCC0138}.Debug|x86.Build.0 = Debug|x86
		{141240CA-6A60-428A-A442-ED579CCC0138}.Instrument|Any CPU.ActiveCfg = Debug|x86
		{141240CA-6A60-428A-A442-ED579CCC0138}.Instrument|Any CPU.Build.0 = Debug|x86
		{141240CA-6A60-428A-A442-ED579CCC0138}.PerformanceTest|Any CPU.ActiveCfg = Debug|x86
		{141240CA-6A60-428A-A442-ED579CCC0138}.PerformanceTest|Any CPU.Build.0 = Debug|x86
		{141240CA-6A60-428A-A442-ED579CCC0138}.Release|x86.ActiveCfg = Release|x86
		{141240CA-6A60-428A-A442-ED579CCC0138}.Release|x86.Build.0 = Release|x86
		{169BD6BB-826B-4B7E-BD52-FFA17683675E}.CodeAnalysis|Any CPU.ActiveCfg = Debug|x86
		{169BD6BB-826B-4B7E-BD52-FFA17683675E}.CodeAnalysis|Any CPU.Build.0 = Debug|x86
		{169BD6BB-826B-4B7E-BD52-FFA17683675E}.CoreProfile|Any CPU.ActiveCfg = Debug|x86
		{169BD6BB-826B-4B7E-BD52-FFA17683675E}.CoreProfile|Any CPU.Build.0 = Debug|x86
		{169BD6BB-826B-4B7E-BD52-FFA17683675E}.Debug|x86.ActiveCfg = Debug|x86
		{169BD6BB-826B-4B7E-BD52-FFA17683675E}.Debug|x86.Build.0 = Debug|x86
		{169BD6BB-826B-4B7E-BD52-FFA17683675E}.Instrument|Any CPU.ActiveCfg = Debug|x86
		{169BD6BB-826B-4B7E-BD52-FFA17683675E}.Instrument|Any CPU.Build.0 = Debug|x86
		{169BD6BB-826B-4B7E-BD52-FFA17683675E}.PerformanceTest|Any CPU.ActiveCfg = Debug|x86
		{169BD6BB-826B-4B7E-BD52-FFA17683675E}.PerformanceTest|Any CPU.Build.0 = Debug|x86
		{169BD6BB-826B-4B7E-BD52-FFA17683675E}.Release|x86.ActiveCfg = Release|x86
		{169BD6BB-826B-4B7E-BD52-FFA17683675E}.Release|x86.Build.0 = Release|x86
		{26A8091A-68C1-4636-931C-CB4538338572}.CodeAnalysis|Any CPU.ActiveCfg = Debug|x86
		{26A8091A-68C1-4636-931C-CB4538338572}.CodeAnalysis|Any CPU.Build.0 = Debug|x86
		{26A8091A-68C1-4636-931C-CB4538338572}.CoreProfile|Any CPU.ActiveCfg = Debug|x86
		{26A8091A-68C1-4636-931C-CB4538338572}.CoreProfile|Any CPU.Build.0 = Debug|x86
		{26A8091A-68C1-4636-931C-CB4538338572}.Debug|x86.ActiveCfg = Debug|x86
		{26A8091A-68C1-4636-931C-CB4538338572}.Debug|x86.Build.0 = Debug|x86
		{26A8091A-68C1-4636-931C-CB4538338572}.Instrument|Any CPU.ActiveCfg = Debug|x86
		{26A8091A-68C1-4636-931C-CB4538338572}.Instrument|Any CPU.Build.0 = Debug|x86
		{26A8091A-68C1-4636-931C-CB4538338572}.PerformanceTest|Any CPU.ActiveCfg = Debug|x86
		{26A8091A-68C1-4636-931C-CB4538338572}.PerformanceTest|Any CPU.Build.0 = Debug|x86
		{26A8091A-68C1-4636-931C-CB4538338572}.Release|x86.ActiveCfg = Release|x86
		{26A8091A-68C1-4636-931C-CB4538338572}.Release|x86.Build.0 = Release|x86
		{33AD7E3A-BE86-423C-87B2-4727A3D04BA3}.CodeAnalysis|Any CPU.ActiveCfg = Debug|x86
		{33AD7E3A-BE86-423C-87B2-4727A3D04BA3}.CodeAnalysis|Any CPU.Build.0 = Debug|x86
		{33AD7E3A-BE86-423C-87B2-4727A3D04BA3}.CoreProfile|Any CPU.ActiveCfg = Debug|x86
		{33AD7E3A-BE86-423C-87B2-4727A3D04BA3}.CoreProfile|Any CPU.Build.0 = Debug|x86
		{33AD7E3A-BE86-423C-87B2-4727A3D04BA3}.Debug|x86.ActiveCfg = Debug|x86
		{33AD7E3A-BE86-423C-87B2-4727A3D04BA3}.Debug|x86.Build.0 = Debug|x86
		{33AD7E3A-BE86-423C-87B2-4727A3D04BA3}.Instrument|Any CPU.ActiveCfg = Debug|x86
		{33AD7E3A-BE86-423C-87B2-4727A3D04BA3}.Instrument|Any CPU.Build.0 = Debug|x86
		{33AD7E3A-BE86-423C-87B2-4727A3D04BA3}.PerformanceTest|Any CPU.ActiveCfg = Debug|x86
		{33AD7E3A-BE86-423C-87B2-4727A3D04BA3}.PerformanceTest|Any CPU.Build.0 = Debug|x86
		{33AD7E3A-BE86-423C-87B2-4727A3D04BA3}.Release|x86.ActiveCfg = Release|x86
		{33AD7E3A-BE86-423C-87B2-4727A3D04BA3}.Release|x86.Build.0 = Release|x86
		{430D3EB9-A13B-4951-82FE-347A29D88008}.CodeAnalysis|Any CPU.ActiveCfg = Debug|x86
		{430D3EB9-A13B-4951-82FE-347A29D88008}.CodeAnalysis|Any CPU.Build.0 = Debug|x86
		{430D3EB9-A13B-4951-82FE-347A29D88008}.CoreProfile|Any CPU.ActiveCfg = Debug|x86
		{430D3EB9-A13B-4951-82FE-347A29D88008}.CoreProfile|Any CPU.Build.0 = Debug|x86
		{430D3EB9-A13B-4951-82FE-347A29D88008}.Debug|x86.ActiveCfg = Debug|x86
		{430D3EB9-A13B-4951-82FE-347A29D88008}.Debug|x86.Build.0 = Debug|x86
		{430D3EB9-A13B-4951-82FE-347A29D88008}.Instrument|Any CPU.ActiveCfg = Debug|x86
		{430D3EB9-A13B-4951-82FE-347A29D88008}.Instrument|Any CPU.Build.0 = Debug|x86
		{430D3EB9-A13B-4951-82FE-347A29D88008}.PerformanceTest|Any CPU.ActiveCfg = Debug|x86
		{430D3EB9-A13B-4951-82FE-347A29D88008}.PerformanceTest|Any CPU.Build.0 = Debug|x86
		{430D3EB9-A13B-4951-82FE-347A29D88008}.Release|x86.ActiveCfg = Release|x86
		{430D3EB9-A13B-4951-82FE-347A29D88008}.Release|x86.Build.0 = Release|x86
		{5522B720-A3FC-4543-B6C6-4BE017727417}.CodeAnalysis|Any CPU.ActiveCfg = Debug|x86
		{5522B720-A3FC-4543-B6C6-4BE017727417}.CodeAnalysis|Any CPU.Build.0 = Debug|x86
		{5522B720-A3FC-4543-B6C6-4BE017727417}.CoreProfile|Any CPU.ActiveCfg = Debug|x86
		{5522B720-A3FC-4543-B6C6-4BE017727417}.CoreProfile|Any CPU.Build.0 = Debug|x86
		{5522B720-A3FC-4543-B6C6-4BE017727417}.Debug|x86.ActiveCfg = Debug|x86
		{5522B720-A3FC-4543-B6C6-4BE017727417}.Debug|x86.Build.0 = Debug|x86
		{5522B720-A3FC-4543-B6C6-4BE017727417}.Instrument|Any CPU.ActiveCfg = Debug|x86
		{5522B720-A3FC-4543-B6C6-4BE017727417}.Instrument|Any CPU.Build.0 = Debug|x86
		{5522B720-A3FC-4543-B6C6-4BE017727417}.PerformanceTest|Any CPU.ActiveCfg = Debug|x86
		{5522B720-A3FC-4543-B6C6-4BE017727417}.PerformanceTest|Any CPU.Build.0 = Debug|x86
		{5522B720-A3FC-4543-B6C6-4BE017727417}.Release|x86.ActiveCfg = Release|x86
		{5522B720-A3FC-4543-B6C6-4BE017727417}.Release|x86.Build.0 = Release|x86
		{5BCEC32E-990E-4DE5-945F-BD27326A7418}.CodeAnalysis|Any CPU.ActiveCfg = CodeAnalysis|Any CPU
		{5BCEC32E-990E-4DE5-945F-BD27326A7418}.CodeAnalysis|Any CPU.Build.0 = CodeAnalysis|Any CPU
		{5BCEC32E-990E-4DE5-945F-BD27326A7418}.CoreProfile|Any CPU.ActiveCfg = CoreProfile|Any CPU
		{5BCEC32E-990E-4DE5-945F-BD27326A7418}.CoreProfile|Any CPU.Build.0 = CoreProfile|Any CPU
		{5BCEC32E-990E-4DE5-945F-BD27326A7418}.Debug|x86.ActiveCfg = Debug|Any CPU
		{5BCEC32E-990E-4DE5-945F-BD27326A7418}.Debug|x86.Build.0 = Debug|Any CPU
		{5BCEC32E-990E-4DE5-945F-BD27326A7418}.Instrument|Any CPU.ActiveCfg = Instrument|Any CPU
		{5BCEC32E-990E-4DE5-945F-BD27326A7418}.Instrument|Any CPU.Build.0 = Instrument|Any CPU
		{5BCEC32E-990E-4DE5-945F-BD27326A7418}.PerformanceTest|Any CPU.ActiveCfg = PerformanceTest|Any CPU
		{5BCEC32E-990E-4DE5-945F-BD27326A7418}.PerformanceTest|Any CPU.Build.0 = PerformanceTest|Any CPU
		{5BCEC32E-990E-4DE5-945F-BD27326A7418}.Release|x86.ActiveCfg = Release|Any CPU
		{5BCEC32E-990E-4DE5-945F-BD27326A7418}.Release|x86.Build.0 = Release|Any CPU
		{5E53D836-4908-4A7F-ADBC-61C0F20CEA8E}.CodeAnalysis|Any CPU.ActiveCfg = Debug|x86
		{5E53D836-4908-4A7F-ADBC-61C0F20CEA8E}.CodeAnalysis|Any CPU.Build.0 = Debug|x86
		{5E53D836-4908-4A7F-ADBC-61C0F20CEA8E}.CoreProfile|Any CPU.ActiveCfg = Debug|x86
		{5E53D836-4908-4A7F-ADBC-61C0F20CEA8E}.CoreProfile|Any CPU.Build.0 = Debug|x86
		{5E53D836-4908-4A7F-ADBC-61C0F20CEA8E}.Debug|x86.ActiveCfg = Debug|x86
		{5E53D836-4908-4A7F-ADBC-61C0F20CEA8E}.Debug|x86.Build.0 = Debug|x86
		{5E53D836-4908-4A7F-ADBC-61C0F20CEA8E}.Instrument|Any CPU.ActiveCfg = Debug|x86
		{5E53D836-4908-4A7F-ADBC-61C0F20CEA8E}.Instrument|Any CPU.Build.0 = Debug|x86
		{5E53D836-4908-4A7F-ADBC-61C0F20CEA8E}.PerformanceTest|Any CPU.ActiveCfg = Debug|x86
		{5E53D836-4908-4A7F-ADBC-61C0F20CEA8E}.PerformanceTest|Any CPU.Build.0 = Debug|x86
		{5E53D836-4908-4A7F-ADBC-61C0F20CEA8E}.Release|x86.ActiveCfg = Release|x86
		{5E53D836-4908-4A7F-ADBC-61C0F20CEA8E}.Release|x86.Build.0 = Release|x86
		{68074B20-EAB0-4146-A1B3-FE0BF88B498A}.CodeAnalysis|Any CPU.ActiveCfg = Debug|x86
		{68074B20-EAB0-4146-A1B3-FE0BF88B498A}.CodeAnalysis|Any CPU.Build.0 = Debug|x86
		{68074B20-EAB0-4146-A1B3-FE0BF88B498A}.CoreProfile|Any CPU.ActiveCfg = Debug|x86
		{68074B20-EAB0-4146-A1B3-FE0BF88B498A}.CoreProfile|Any CPU.Build.0 = Debug|x86
		{68074B20-EAB0-4146-A1B3-FE0BF88B498A}.Debug|x86.ActiveCfg = Debug|x86
		{68074B20-EAB0-4146-A1B3-FE0BF88B498A}.Debug|x86.Build.0 = Debug|x86
		{68074B20-EAB0-4146-A1B3-FE0BF88B498A}.Instrument|Any CPU.ActiveCfg = Debug|x86
		{68074B20-EAB0-4146-A1B3-FE0BF88B498A}.Instrument|Any CPU.Build.0 = Debug|x86
		{68074B20-EAB0-4146-A1B3-FE0BF88B498A}.PerformanceTest|Any CPU.ActiveCfg = Debug|x86
		{68074B20-EAB0-4146-A1B3-FE0BF88B498A}.PerformanceTest|Any CPU.Build.0 = Debug|x86
		{68074B20-EAB0-4146-A1B3-FE0BF88B498A}.Release|x86.ActiveCfg = Release|x86
		{68074B20-EAB0-4146-A1B3-FE0BF88B498A}.Release|x86.Build.0 = Release|x86
		{6A2658B6-036B-4D29-8057-ADFBBA98F933}.CodeAnalysis|Any CPU.ActiveCfg = Debug|x86
		{6A2658B6-036B-4D29-8057-ADFBBA98F933}.CodeAnalysis|Any CPU.Build.0 = Debug|x86
		{6A2658B6-036B-4D29-8057-ADFBBA98F933}.CoreProfile|Any CPU.ActiveCfg = Debug|x86
		{6A2658B6-036B-4D29-8057-ADFBBA98F933}.CoreProfile|Any CPU.Build.0 = Debug|x86
		{6A2658B6-036B-4D29-8057-ADFBBA98F933}.Debug|x86.ActiveCfg = Debug|x86
		{6A2658B6-036B-4D29-8057-ADFBBA98F933}.Debug|x86.Build.0 = Debug|x86
		{6A2658B6-036B-4D29-8057-ADFBBA98F933}.Instrument|Any CPU.ActiveCfg = Debug|x86
		{6A2658B6-036B-4D29-8057-ADFBBA98F933}.Instrument|Any CPU.Build.0 = Debug|x86
		{6A2658B6-036B-4D29-8057-ADFBBA98F933}.PerformanceTest|Any CPU.ActiveCfg = Debug|x86
		{6A2658B6-036B-4D29-8057-ADFBBA98F933}.PerformanceTest|Any CPU.Build.0 = Debug|x86
		{6A2658B6-036B-4D29-8057-ADFBBA98F933}.Release|x86.ActiveCfg = Release|x86
		{6A2658B6-036B-4D29-8057-ADFBBA98F933}.Release|x86.Build.0 = Release|x86
		{7C6213E4-06AE-4E9B-AB7D-843CD024BF67}.CodeAnalysis|Any CPU.ActiveCfg = Debug|x86
		{7C6213E4-06AE-4E9B-AB7D-843CD024BF67}.CodeAnalysis|Any CPU.Build.0 = Debug|x86
		{7C6213E4-06AE-4E9B-AB7D-843CD024BF67}.CoreProfile|Any CPU.ActiveCfg = Debug|x86
		{7C6213E4-06AE-4E9B-AB7D-843CD024BF67}.CoreProfile|Any CPU.Build.0 = Debug|x86
		{7C6213E4-06AE-4E9B-AB7D-843CD024BF67}.Debug|x86.ActiveCfg = Debug|x86
		{7C6213E4-06AE-4E9B-AB7D-843CD024BF67}.Debug|x86.Build.0 = Debug|x86
		{7C6213E4-06AE-4E9B-AB7D-843CD024BF67}.Instrument|Any CPU.ActiveCfg = Debug|x86
		{7C6213E4-06AE-4E9B-AB7D-843CD024BF67}.Instrument|Any CPU.Build.0 = Debug|x86
		{7C6213E4-06AE-4E9B-AB7D-843CD024BF67}.PerformanceTest|Any CPU.ActiveCfg = Debug|x86
		{7C6213E4-06AE-4E9B-AB7D-843CD024BF67}.PerformanceTest|Any CPU.Build.0 = Debug|x86
		{7C6213E4-06AE-4E9B-AB7D-843CD024BF67}.Release|x86.ActiveCfg = Release|x86
		{7C6213E4-06AE-4E9B-AB7D-843CD024BF67}.Release|x86.Build.0 = Release|x86
		{A54886E3-D225-4D6C-84E8-7E6BBC4C593E}.CodeAnalysis|Any CPU.ActiveCfg = Debug|x86
		{A54886E3-D225-4D6C-84E8-7E6BBC4C593E}.CodeAnalysis|Any CPU.Build.0 = Debug|x86
		{A54886E3-D225-4D6C-84E8-7E6BBC4C593E}.CoreProfile|Any CPU.ActiveCfg = Debug|x86
		{A54886E3-D225-4D6C-84E8-7E6BBC4C593E}.CoreProfile|Any CPU.Build.0 = Debug|x86
		{A54886E3-D225-4D6C-84E8-7E6BBC4C593E}.Debug|x86.ActiveCfg = Debug|x86
		{A54886E3-D225-4D6C-84E8-7E6BBC4C593E}.Debug|x86.Build.0 = Debug|x86
		{A54886E3-D225-4D6C-84E8-7E6BBC4C593E}.Instrument|Any CPU.ActiveCfg = Debug|x86
		{A54886E3-D225-4D6C-84E8-7E6BBC4C593E}.Instrument|Any CPU.Build.0 = Debug|x86
		{A54886E3-D225-4D6C-84E8-7E6BBC4C593E}.PerformanceTest|Any CPU.ActiveCfg = Debug|x86
		{A54886E3-D225-4D6C-84E8-7E6BBC4C593E}.PerformanceTest|Any CPU.Build.0 = Debug|x86
		{A54886E3-D225-4D6C-84E8-7E6BBC4C593E}.Release|x86.ActiveCfg = Release|x86
		{A54886E3-D225-4D6C-84E8-7E6BBC4C593E}.Release|x86.Build.0 = Release|x86
		{B03B1A80-DE2E-495E-9979-883E25B61722}.CodeAnalysis|Any CPU.ActiveCfg = Debug|x86
		{B03B1A80-DE2E-495E-9979-883E25B61722}.CodeAnalysis|Any CPU.Build.0 = Debug|x86
		{B03B1A80-DE2E-495E-9979-883E25B61722}.CoreProfile|Any CPU.ActiveCfg = Debug|x86
		{B03B1A80-DE2E-495E-9979-883E25B61722}.CoreProfile|Any CPU.Build.0 = Debug|x86
		{B03B1A80-DE2E-495E-9979-883E25B61722}.Debug|x86.ActiveCfg = Debug|x86
		{B03B1A80-DE2E-495E-9979-883E25B61722}.Debug|x86.Build.0 = Debug|x86
		{B03B1A80-DE2E-495E-9979-883E25B61722}.Instrument|Any CPU.ActiveCfg = Debug|x86
		{B03B1A80-DE2E-495E-9979-883E25B61722}.Instrument|Any CPU.Build.0 = Debug|x86
		{B03B1A80-DE2E-495E-9979-883E25B61722}.PerformanceTest|Any CPU.ActiveCfg = Debug|x86
		{B03B1A80-DE2E-495E-9979-883E25B61722}.PerformanceTest|Any CPU.Build.0 = Debug|x86
		{B03B1A80-DE2E-495E-9979-883E25B61722}.Release|x86.ActiveCfg = Release|x86
		{B03B1A80-DE2E-495E-9979-883E25B61722}.Release|x86.Build.0 = Release|x86
		{B5C2A36F-983D-43A2-9C5D-ACBCC7E3B9DB}.CodeAnalysis|Any CPU.ActiveCfg = Debug|x86
		{B5C2A36F-983D-43A2-9C5D-ACBCC7E3B9DB}.CodeAnalysis|Any CPU.Build.0 = Debug|x86
		{B5C2A36F-983D-43A2-9C5D-ACBCC7E3B9DB}.CoreProfile|Any CPU.ActiveCfg = Debug|x86
		{B5C2A36F-983D-43A2-9C5D-ACBCC7E3B9DB}.CoreProfile|Any CPU.Build.0 = Debug|x86
		{B5C2A36F-983D-43A2-9C5D-ACBCC7E3B9DB}.Debug|x86.ActiveCfg = Debug|x86
		{B5C2A36F-983D-43A2-9C5D-ACBCC7E3B9DB}.Debug|x86.Build.0 = Debug|x86
		{B5C2A36F-983D-43A2-9C5D-ACBCC7E3B9DB}.Instrument|Any CPU.ActiveCfg = Debug|x86
		{B5C2A36F-983D-43A2-9C5D-ACBCC7E3B9DB}.Instrument|Any CPU.Build.0 = Debug|x86
		{B5C2A36F-983D-43A2-9C5D-ACBCC7E3B9DB}.PerformanceTest|Any CPU.ActiveCfg = Debug|x86
		{B5C2A36F-983D-43A2-9C5D-ACBCC7E3B9DB}.PerformanceTest|Any CPU.Build.0 = Debug|x86
		{B5C2A36F-983D-43A2-9C5D-ACBCC7E3B9DB}.Release|x86.ActiveCfg = Release|x86
		{B5C2A36F-983D-43A2-9C5D-ACBCC7E3B9DB}.Release|x86.Build.0 = Release|x86
		{B7C4434F-9DFB-46A7-BC84-80835C6EF53B}.CodeAnalysis|Any CPU.ActiveCfg = Debug|x86
		{B7C4434F-9DFB-46A7-BC84-80835C6EF53B}.CodeAnalysis|Any CPU.Build.0 = Debug|x86
		{B7C4434F-9DFB-46A7-BC84-80835C6EF53B}.CoreProfile|Any CPU.ActiveCfg = Debug|x86
		{B7C4434F-9DFB-46A7-BC84-80835C6EF53B}.CoreProfile|Any CPU.Build.0 = Debug|x86
		{B7C4434F-9DFB-46A7-BC84-80835C6EF53B}.Debug|x86.ActiveCfg = Debug|x86
		{B7C4434F-9DFB-46A7-BC84-80835C6EF53B}.Debug|x86.Build.0 = Debug|x86
		{B7C4434F-9DFB-46A7-BC84-80835C6EF53B}.Instrument|Any CPU.ActiveCfg = Debug|x86
		{B7C4434F-9DFB-46A7-BC84-80835C6EF53B}.Instrument|Any CPU.Build.0 = Debug|x86
		{B7C4434F-9DFB-46A7-BC84-80835C6EF53B}.PerformanceTest|Any CPU.ActiveCfg = Debug|x86
		{B7C4434F-9DFB-46A7-BC84-80835C6EF53B}.PerformanceTest|Any CPU.Build.0 = Debug|x86
		{B7C4434F-9DFB-46A7-BC84-80835C6EF53B}.Release|x86.ActiveCfg = Release|x86
		{B7C4434F-9DFB-46A7-BC84-80835C6EF53B}.Release|x86.Build.0 = Release|x86
		{C2DFFCB8-1ACD-4F55-9B42-7182031B9508}.CodeAnalysis|Any CPU.ActiveCfg = Debug|Any CPU
		{C2DFFCB8-1ACD-4F55-9B42-7182031B9508}.CodeAnalysis|Any CPU.Build.0 = Debug|Any CPU
		{C2DFFCB8-1ACD-4F55-9B42-7182031B9508}.CoreProfile|Any CPU.ActiveCfg = Debug|Any CPU
		{C2DFFCB8-1ACD-4F55-9B42-7182031B9508}.CoreProfile|Any CPU.Build.0 = Debug|Any CPU
		{C2DFFCB8-1ACD-4F55-9B42-7182031B9508}.Debug|x86.ActiveCfg = Debug|Any CPU
		{C2DFFCB8-1ACD-4F55-9B42-7182031B9508}.Debug|x86.Build.0 = Debug|Any CPU
		{C2DFFCB8-1ACD-4F55-9B42-7182031B9508}.Instrument|Any CPU.ActiveCfg = Debug|Any CPU
		{C2DFFCB8-1ACD-4F55-9B42-7182031B9508}.Instrument|Any CPU.Build.0 = Debug|Any CPU
		{C2DFFCB8-1ACD-4F55-9B42-7182031B9508}.PerformanceTest|Any CPU.ActiveCfg = Debug|Any CPU
		{C2DFFCB8-1ACD-4F55-9B42-7182031B9508}.PerformanceTest|Any CPU.Build.0 = Debug|Any CPU
		{C2DFFCB8-1ACD-4F55-9B42-7182031B9508}.Release|x86.ActiveCfg = Release|Any CPU
		{C2DFFCB8-1ACD-4F55-9B42-7182031B9508}.Release|x86.Build.0 = Release|Any CPU
		{C4AF9B5C-A4F1-44A1-8036-466154D9BE8B}.CodeAnalysis|Any CPU.ActiveCfg = Debug|x86
		{C4AF9B5C-A4F1-44A1-8036-466154D9BE8B}.CodeAnalysis|Any CPU.Build.0 = Debug|x86
		{C4AF9B5C-A4F1-44A1-8036-466154D9BE8B}.CoreProfile|Any CPU.ActiveCfg = Debug|x86
		{C4AF9B5C-A4F1-44A1-8036-466154D9BE8B}.CoreProfile|Any CPU.Build.0 = Debug|x86
		{C4AF9B5C-A4F1-44A1-8036-466154D9BE8B}.Debug|x86.ActiveCfg = Debug|x86
		{C4AF9B5C-A4F1-44A1-8036-466154D9BE8B}.Debug|x86.Build.0 = Debug|x86
		{C4AF9B5C-A4F1-44A1-8036-466154D9BE8B}.Instrument|Any CPU.ActiveCfg = Debug|x86
		{C4AF9B5C-A4F1-44A1-8036-466154D9BE8B}.Instrument|Any CPU.Build.0 = Debug|x86
		{C4AF9B5C-A4F1-44A1-8036-466154D9BE8B}.PerformanceTest|Any CPU.ActiveCfg = Debug|x86
		{C4AF9B5C-A4F1-44A1-8036-466154D9BE8B}.PerformanceTest|Any CPU.Build.0 = Debug|x86
		{C4AF9B5C-A4F1-44A1-8036-466154D9BE8B}.Release|x86.ActiveCfg = Release|x86
		{C4AF9B5C-A4F1-44A1-8036-466154D9BE8B}.Release|x86.Build.0 = Release|x86
		{C502EE07-4059-4785-8AA3-542C26163A62}.CodeAnalysis|Any CPU.ActiveCfg = Debug|x86
		{C502EE07-4059-4785-8AA3-542C26163A62}.CodeAnalysis|Any CPU.Build.0 = Debug|x86
		{C502EE07-4059-4785-8AA3-542C26163A62}.CoreProfile|Any CPU.ActiveCfg = Debug|x86
		{C502EE07-4059-4785-8AA3-542C26163A62}.CoreProfile|Any CPU.Build.0 = Debug|x86
		{C502EE07-4059-4785-8AA3-542C26163A62}.Debug|x86.ActiveCfg = Debug|x86
		{C502EE07-4059-4785-8AA3-542C26163A62}.Debug|x86.Build.0 = Debug|x86
		{C502EE07-4059-4785-8AA3-542C26163A62}.Instrument|Any CPU.ActiveCfg = Debug|x86
		{C502EE07-4059-4785-8AA3-542C26163A62}.Instrument|Any CPU.Build.0 = Debug|x86
		{C502EE07-4059-4785-8AA3-542C26163A62}.PerformanceTest|Any CPU.ActiveCfg = Debug|x86
		{C502EE07-4059-4785-8AA3-542C26163A62}.PerformanceTest|Any CPU.Build.0 = Debug|x86
		{C502EE07-4059-4785-8AA3-542C26163A62}.Release|x86.ActiveCfg = Release|x86
		{C502EE07-4059-4785-8AA3-542C26163A62}.Release|x86.Build.0 = Release|x86
		{CEDB50B7-7587-4F74-9A43-308FD607D8E1}.CodeAnalysis|Any CPU.ActiveCfg = Debug|x86
		{CEDB50B7-7587-4F74-9A43-308FD607D8E1}.CodeAnalysis|Any CPU.Build.0 = Debug|x86
		{CEDB50B7-7587-4F74-9A43-308FD607D8E1}.CoreProfile|Any CPU.ActiveCfg = Debug|x86
		{CEDB50B7-7587-4F74-9A43-308FD607D8E1}.CoreProfile|Any CPU.Build.0 = Debug|x86
		{CEDB50B7-7587-4F74-9A43-308FD607D8E1}.Debug|x86.ActiveCfg = Debug|x86
		{CEDB50B7-7587-4F74-9A43-308FD607D8E1}.Debug|x86.Build.0 = Debug|x86
		{CEDB50B7-7587-4F74-9A43-308FD607D8E1}.Instrument|Any CPU.ActiveCfg = Debug|x86
		{CEDB50B7-7587-4F74-9A43-308FD607D8E1}.Instrument|Any CPU.Build.0 = Debug|x86
		{CEDB50B7-7587-4F74-9A43-308FD607D8E1}.PerformanceTest|Any CPU.ActiveCfg = Debug|x86
		{CEDB50B7-7587-4F74-9A43-308FD607D8E1}.PerformanceTest|Any CPU.Build.0 = Debug|x86
		{CEDB50B7-7587-4F74-9A43-308FD607D8E1}.Release|x86.ActiveCfg = Release|x86
		{CEDB50B7-7587-4F74-9A43-308FD607D8E1}.Release|x86.Build.0 = Release|x86
		{D6602908-DDFD-411A-B0A0-1D83AEDA1DF2}.CodeAnalysis|Any CPU.ActiveCfg = Debug|x86
		{D6602908-DDFD-411A-B0A0-1D83AEDA1DF2}.CodeAnalysis|Any CPU.Build.0 = Debug|x86
		{D6602908-DDFD-411A-B0A0-1D83AEDA1DF2}.CoreProfile|Any CPU.ActiveCfg = Debug|x86
		{D6602908-DDFD-411A-B0A0-1D83AEDA1DF2}.CoreProfile|Any CPU.Build.0 = Debug|x86
		{D6602908-DDFD-411A-B0A0-1D83AEDA1DF2}.Debug|x86.ActiveCfg = Debug|x86
		{D6602908-DDFD-411A-B0A0-1D83AEDA1DF2}.Debug|x86.Build.0 = Debug|x86
		{D6602908-DDFD-411A-B0A0-1D83AEDA1DF2}.Instrument|Any CPU.ActiveCfg = Debug|x86
		{D6602908-DDFD-411A-B0A0-1D83AEDA1DF2}.Instrument|Any CPU.Build.0 = Debug|x86
		{D6602908-DDFD-411A-B0A0-1D83AEDA1DF2}.PerformanceTest|Any CPU.ActiveCfg = Debug|x86
		{D6602908-DDFD-411A-B0A0-1D83AEDA1DF2}.PerformanceTest|Any CPU.Build.0 = Debug|x86
		{D6602908-DDFD-411A-B0A0-1D83AEDA1DF2}.Release|x86.ActiveCfg = Release|x86
		{D6602908-DDFD-411A-B0A0-1D83AEDA1DF2}.Release|x86.Build.0 = Release|x86
		{E8EAF06C-458C-4702-9832-C32C329B1621}.CodeAnalysis|Any CPU.ActiveCfg = Debug|x86
		{E8EAF06C-458C-4702-9832-C32C329B1621}.CodeAnalysis|Any CPU.Build.0 = Debug|x86
		{E8EAF06C-458C-4702-9832-C32C329B1621}.CoreProfile|Any CPU.ActiveCfg = Debug|x86
		{E8EAF06C-458C-4702-9832-C32C329B1621}.CoreProfile|Any CPU.Build.0 = Debug|x86
		{E8EAF06C-458C-4702-9832-C32C329B1621}.Debug|x86.ActiveCfg = Debug|x86
		{E8EAF06C-458C-4702-9832-C32C329B1621}.Debug|x86.Build.0 = Debug|x86
		{E8EAF06C-458C-4702-9832-C32C329B1621}.Instrument|Any CPU.ActiveCfg = Debug|x86
		{E8EAF06C-458C-4702-9832-C32C329B1621}.Instrument|Any CPU.Build.0 = Debug|x86
		{E8EAF06C-458C-4702-9832-C32C329B1621}.PerformanceTest|Any CPU.ActiveCfg = Debug|x86
		{E8EAF06C-458C-4702-9832-C32C329B1621}.PerformanceTest|Any CPU.Build.0 = Debug|x86
		{E8EAF06C-458C-4702-9832-C32C329B1621}.Release|x86.ActiveCfg = Release|x86
		{E8EAF06C-458C-4702-9832-C32C329B1621}.Release|x86.Build.0 = Release|x86
		{EEB08819-DAE4-4638-B095-13511EF7EE08}.CodeAnalysis|Any CPU.ActiveCfg = Debug|Any CPU
		{EEB08819-DAE4-4638-B095-13511EF7EE08}.CodeAnalysis|Any CPU.Build.0 = Debug|Any CPU
		{EEB08819-DAE4-4638-B095-13511EF7EE08}.CoreProfile|Any CPU.ActiveCfg = Debug|Any CPU
		{EEB08819-DAE4-4638-B095-13511EF7EE08}.CoreProfile|Any CPU.Build.0 = Debug|Any CPU
		{EEB08819-DAE4-4638-B095-13511EF7EE08}.Debug|x86.ActiveCfg = Debug|Any CPU
		{EEB08819-DAE4-4638-B095-13511EF7EE08}.Debug|x86.Build.0 = Debug|Any CPU
		{EEB08819-DAE4-4638-B095-13511EF7EE08}.Instrument|Any CPU.ActiveCfg = Debug|Any CPU
		{EEB08819-DAE4-4638-B095-13511EF7EE08}.Instrument|Any CPU.Build.0 = Debug|Any CPU
		{EEB08819-DAE4-4638-B095-13511EF7EE08}.PerformanceTest|Any CPU.ActiveCfg = Debug|Any CPU
		{EEB08819-DAE4-4638-B095-13511EF7EE08}.PerformanceTest|Any CPU.Build.0 = Debug|Any CPU
		{EEB08819-DAE4-4638-B095-13511EF7EE08}.Release|x86.ActiveCfg = Release|Any CPU
		{EEB08819-DAE4-4638-B095-13511EF7EE08}.Release|x86.Build.0 = Release|Any CPU
		{F1E0A90B-9F05-4D1F-AA4C-FA6DA7E7A57F}.CodeAnalysis|Any CPU.ActiveCfg = Debug|x86
		{F1E0A90B-9F05-4D1F-AA4C-FA6DA7E7A57F}.CodeAnalysis|Any CPU.Build.0 = Debug|x86
		{F1E0A90B-9F05-4D1F-AA4C-FA6DA7E7A57F}.CoreProfile|Any CPU.ActiveCfg = Debug|x86
		{F1E0A90B-9F05-4D1F-AA4C-FA6DA7E7A57F}.CoreProfile|Any CPU.Build.0 = Debug|x86
		{F1E0A90B-9F05-4D1F-AA4C-FA6DA7E7A57F}.Debug|x86.ActiveCfg = Debug|x86
		{F1E0A90B-9F05-4D1F-AA4C-FA6DA7E7A57F}.Debug|x86.Build.0 = Debug|x86
		{F1E0A90B-9F05-4D1F-AA4C-FA6DA7E7A57F}.Instrument|Any CPU.ActiveCfg = Debug|x86
		{F1E0A90B-9F05-4D1F-AA4C-FA6DA7E7A57F}.Instrument|Any CPU.Build.0 = Debug|x86
		{F1E0A90B-9F05-4D1F-AA4C-FA6DA7E7A57F}.PerformanceTest|Any CPU.ActiveCfg = Debug|x86
		{F1E0A90B-9F05-4D1F-AA4C-FA6DA7E7A57F}.PerformanceTest|Any CPU.Build.0 = Debug|x86
		{F1E0A90B-9F05-4D1F-AA4C-FA6DA7E7A57F}.Release|x86.ActiveCfg = Release|x86
		{F1E0A90B-9F05-4D1F-AA4C-FA6DA7E7A57F}.Release|x86.Build.0 = Release|x86
		{F299269B-D259-4DB5-9A05-CF38CC4D0DDA}.CodeAnalysis|Any CPU.ActiveCfg = Debug|x86
		{F299269B-D259-4DB5-9A05-CF38CC4D0DDA}.CodeAnalysis|Any CPU.Build.0 = Debug|x86
		{F299269B-D259-4DB5-9A05-CF38CC4D0DDA}.CoreProfile|Any CPU.ActiveCfg = Debug|x86
		{F299269B-D259-4DB5-9A05-CF38CC4D0DDA}.CoreProfile|Any CPU.Build.0 = Debug|x86
		{F299269B-D259-4DB5-9A05-CF38CC4D0DDA}.Debug|x86.ActiveCfg = Debug|x86
		{F299269B-D259-4DB5-9A05-CF38CC4D0DDA}.Debug|x86.Build.0 = Debug|x86
		{F299269B-D259-4DB5-9A05-CF38CC4D0DDA}.Instrument|Any CPU.ActiveCfg = Debug|x86
		{F299269B-D259-4DB5-9A05-CF38CC4D0DDA}.Instrument|Any CPU.Build.0 = Debug|x86
		{F299269B-D259-4DB5-9A05-CF38CC4D0DDA}.PerformanceTest|Any CPU.ActiveCfg = Debug|x86
		{F299269B-D259-4DB5-9A05-CF38CC4D0DDA}.PerformanceTest|Any CPU.Build.0 = Debug|x86
		{F299269B-D259-4DB5-9A05-CF38CC4D0DDA}.Release|x86.ActiveCfg = Release|x86
		{F299269B-D259-4DB5-9A05-CF38CC4D0DDA}.Release|x86.Build.0 = Release|x86
		{F6A90F3C-7144-4710-B60B-5508C1FDD93A}.CodeAnalysis|Any CPU.ActiveCfg = Debug|x86
		{F6A90F3C-7144-4710-B60B-5508C1FDD93A}.CodeAnalysis|Any CPU.Build.0 = Debug|x86
		{F6A90F3C-7144-4710-B60B-5508C1FDD93A}.CoreProfile|Any CPU.ActiveCfg = Debug|x86
		{F6A90F3C-7144-4710-B60B-5508C1FDD93A}.CoreProfile|Any CPU.Build.0 = Debug|x86
		{F6A90F3C-7144-4710-B60B-5508C1FDD93A}.Debug|x86.ActiveCfg = Debug|x86
		{F6A90F3C-7144-4710-B60B-5508C1FDD93A}.Debug|x86.Build.0 = Debug|x86
		{F6A90F3C-7144-4710-B60B-5508C1FDD93A}.Instrument|Any CPU.ActiveCfg = Debug|x86
		{F6A90F3C-7144-4710-B60B-5508C1FDD93A}.Instrument|Any CPU.Build.0 = Debug|x86
		{F6A90F3C-7144-4710-B60B-5508C1FDD93A}.PerformanceTest|Any CPU.ActiveCfg = Debug|x86
		{F6A90F3C-7144-4710-B60B-5508C1FDD93A}.PerformanceTest|Any CPU.Build.0 = Debug|x86
		{F6A90F3C-7144-4710-B60B-5508C1FDD93A}.Release|x86.ActiveCfg = Release|x86
		{F6A90F3C-7144-4710-B60B-5508C1FDD93A}.Release|x86.Build.0 = Release|x86
		{F841BCE9-C695-4EC5-836F-AE14171605DC}.CodeAnalysis|Any CPU.ActiveCfg = Debug|x86
		{F841BCE9-C695-4EC5-836F-AE14171605DC}.CodeAnalysis|Any CPU.Build.0 = Debug|x86
		{F841BCE9-C695-4EC5-836F-AE14171605DC}.CoreProfile|Any CPU.ActiveCfg = Debug|x86
		{F841BCE9-C695-4EC5-836F-AE14171605DC}.CoreProfile|Any CPU.Build.0 = Debug|x86
		{F841BCE9-C695-4EC5-836F-AE14171605DC}.Debug|x86.ActiveCfg = Debug|x86
		{F841BCE9-C695-4EC5-836F-AE14171605DC}.Debug|x86.Build.0 = Debug|x86
		{F841BCE9-C695-4EC5-836F-AE14171605DC}.Instrument|Any CPU.ActiveCfg = Debug|x86
		{F841BCE9-C695-4EC5-836F-AE14171605DC}.Instrument|Any CPU.Build.0 = Debug|x86
		{F841BCE9-C695-4EC5-836F-AE14171605DC}.PerformanceTest|Any CPU.ActiveCfg = Debug|x86
		{F841BCE9-C695-4EC5-836F-AE14171605DC}.PerformanceTest|Any CPU.Build.0 = Debug|x86
		{F841BCE9-C695-4EC5-836F-AE14171605DC}.Release|x86.ActiveCfg = Release|x86
		{F841BCE9-C695-4EC5-836F-AE14171605DC}.Release|x86.Build.0 = Release|x86
		{FB3CBBBB-EA67-4AF2-B344-62497952E7A2}.CodeAnalysis|Any CPU.ActiveCfg = Debug|x86
		{FB3CBBBB-EA67-4AF2-B344-62497952E7A2}.CodeAnalysis|Any CPU.Build.0 = Debug|x86
		{FB3CBBBB-EA67-4AF2-B344-62497952E7A2}.CoreProfile|Any CPU.ActiveCfg = Debug|x86
		{FB3CBBBB-EA67-4AF2-B344-62497952E7A2}.CoreProfile|Any CPU.Build.0 = Debug|x86
		{FB3CBBBB-EA67-4AF2-B344-62497952E7A2}.Debug|x86.ActiveCfg = Debug|x86
		{FB3CBBBB-EA67-4AF2-B344-62497952E7A2}.Debug|x86.Build.0 = Debug|x86
		{FB3CBBBB-EA67-4AF2-B344-62497952E7A2}.Instrument|Any CPU.ActiveCfg = Debug|x86
		{FB3CBBBB-EA67-4AF2-B344-62497952E7A2}.Instrument|Any CPU.Build.0 = Debug|x86
		{FB3CBBBB-EA67-4AF2-B344-62497952E7A2}.PerformanceTest|Any CPU.ActiveCfg = Debug|x86
		{FB3CBBBB-EA67-4AF2-B344-62497952E7A2}.PerformanceTest|Any CPU.Build.0 = Debug|x86
		{FB3CBBBB-EA67-4AF2-B344-62497952E7A2}.Release|x86.ActiveCfg = Release|x86
		{FB3CBBBB-EA67-4AF2-B344-62497952E7A2}.Release|x86.Build.0 = Release|x86
	EndGlobalSection
EndGlobal
